
Microsoft Visual Studio Solution File, Format Version 12.00
# Visual Studio Version 16
VisualStudioVersion = 16.0.30503.244
MinimumVisualStudioVersion = 10.0.40219.1
Project("{888888A0-9F3D-457C-B088-3A5042F75D52}") = "FourOperations", "FourOperations.pyproj", "{6765EFFC-7800-4771-BE71-3DA73F786865}"
EndProject
Global
	GlobalSection(SolutionConfigurationPlatforms) = preSolution
		Debug|Any CPU = Debug|Any CPU
		Release|Any CPU = Release|Any CPU
	EndGlobalSection
	GlobalSection(ProjectConfigurationPlatforms) = postSolution
		{6765EFFC-7800-4771-BE71-3DA73F786865}.Debug|Any CPU.ActiveCfg = Debug|Any CPU
		{6765EFFC-7800-4771-BE71-3DA73F786865}.Release|Any CPU.ActiveCfg = Release|Any CPU
	EndGlobalSection
	GlobalSection(SolutionProperties) = preSolution
		HideSolutionNode = FALSE
	EndGlobalSection
	GlobalSection(ExtensibilityGlobals) = postSolution
		SolutionGuid = {31C2FC8D-F9C7-495A-A031-1C73833A65E8}
	EndGlobalSection
EndGlobal
